
Microsoft Visual Studio Solution File, Format Version 12.00
# Visual Studio Version 16
VisualStudioVersion = 16.0.31515.178
MinimumVisualStudioVersion = 10.0.40219.1
Project("{FAE04EC0-301F-11D3-BF4B-00C04F79EFBC}") = "Jagged_Arrays_With_Multidimensional_Arrays", "Jagged_Arrays_With_Multidimensional_Arrays\Jagged_Arrays_With_Multidimensional_Arrays.csproj", "{066CDF0F-04DD-4635-BE77-C204DCD86A83}"
EndProject
Global
	GlobalSection(SolutionConfigurationPlatforms) = preSolution
		Debug|Any CPU = Debug|Any CPU
		Release|Any CPU = Release|Any CPU
	EndGlobalSection
	GlobalSection(ProjectConfigurationPlatforms) = postSolution
		{066CDF0F-04DD-4635-BE77-C204DCD86A83}.Debug|Any CPU.ActiveCfg = Debug|Any CPU
		{066CDF0F-04DD-4635-BE77-C204DCD86A83}.Debug|Any CPU.Build.0 = Debug|Any CPU
		{066CDF0F-04DD-4635-BE77-C204DCD86A83}.Release|Any CPU.ActiveCfg = Release|Any CPU
		{066CDF0F-04DD-4635-BE77-C204DCD86A83}.Release|Any CPU.Build.0 = Release|Any CPU
	EndGlobalSection
	GlobalSection(SolutionProperties) = preSolution
		HideSolutionNode = FALSE
	EndGlobalSection
	GlobalSection(ExtensibilityGlobals) = postSolution
		SolutionGuid = {A5BE6807-268A-4D80-9756-47F9B7C453B5}
	EndGlobalSection
EndGlobal
