
Microsoft Visual Studio Solution File, Format Version 12.00
# Visual Studio Version 16
VisualStudioVersion = 16.0.31515.178
MinimumVisualStudioVersion = 10.0.40219.1
Project("{FAE04EC0-301F-11D3-BF4B-00C04F79EFBC}") = "Maximum_and_Minimum_Array_Compare_Pairs", "Maximum_and_Minimum_Array_Compare_Pairs\Maximum_and_Minimum_Array_Compare_Pairs.csproj", "{59D46F79-76EA-4A23-A10C-30A134431F07}"
EndProject
Global
	GlobalSection(SolutionConfigurationPlatforms) = preSolution
		Debug|Any CPU = Debug|Any CPU
		Release|Any CPU = Release|Any CPU
	EndGlobalSection
	GlobalSection(ProjectConfigurationPlatforms) = postSolution
		{59D46F79-76EA-4A23-A10C-30A134431F07}.Debug|Any CPU.ActiveCfg = Debug|Any CPU
		{59D46F79-76EA-4A23-A10C-30A134431F07}.Debug|Any CPU.Build.0 = Debug|Any CPU
		{59D46F79-76EA-4A23-A10C-30A134431F07}.Release|Any CPU.ActiveCfg = Release|Any CPU
		{59D46F79-76EA-4A23-A10C-30A134431F07}.Release|Any CPU.Build.0 = Release|Any CPU
	EndGlobalSection
	GlobalSection(SolutionProperties) = preSolution
		HideSolutionNode = FALSE
	EndGlobalSection
	GlobalSection(ExtensibilityGlobals) = postSolution
		SolutionGuid = {AA257ECC-07A9-41C6-9CF0-AB734A01C6BF}
	EndGlobalSection
EndGlobal
