
Microsoft Visual Studio Solution File, Format Version 12.00
# Visual Studio Version 16
VisualStudioVersion = 16.0.31515.178
MinimumVisualStudioVersion = 10.0.40219.1
Project("{FAE04EC0-301F-11D3-BF4B-00C04F79EFBC}") = "Array_Subset_Array_Simple", "Array_Subset_Array_Simple\Array_Subset_Array_Simple.csproj", "{EAC46558-93C2-475A-AB76-999D1CE8C8FF}"
EndProject
Global
	GlobalSection(SolutionConfigurationPlatforms) = preSolution
		Debug|Any CPU = Debug|Any CPU
		Release|Any CPU = Release|Any CPU
	EndGlobalSection
	GlobalSection(ProjectConfigurationPlatforms) = postSolution
		{EAC46558-93C2-475A-AB76-999D1CE8C8FF}.Debug|Any CPU.ActiveCfg = Debug|Any CPU
		{EAC46558-93C2-475A-AB76-999D1CE8C8FF}.Debug|Any CPU.Build.0 = Debug|Any CPU
		{EAC46558-93C2-475A-AB76-999D1CE8C8FF}.Release|Any CPU.ActiveCfg = Release|Any CPU
		{EAC46558-93C2-475A-AB76-999D1CE8C8FF}.Release|Any CPU.Build.0 = Release|Any CPU
	EndGlobalSection
	GlobalSection(SolutionProperties) = preSolution
		HideSolutionNode = FALSE
	EndGlobalSection
	GlobalSection(ExtensibilityGlobals) = postSolution
		SolutionGuid = {60C87A87-6A6D-4DEB-9746-0D0F76E49E33}
	EndGlobalSection
EndGlobal
