
Microsoft Visual Studio Solution File, Format Version 12.00
# Visual Studio Version 16
VisualStudioVersion = 16.0.31515.178
MinimumVisualStudioVersion = 10.0.40219.1
Project("{FAE04EC0-301F-11D3-BF4B-00C04F79EFBC}") = "Block_Swap_Algorithm_Array_Iterative", "Block_Swap_Algorithm_Array_Iterative\Block_Swap_Algorithm_Array_Iterative.csproj", "{01B096AE-7662-498F-A038-5D63DEAD7310}"
EndProject
Global
	GlobalSection(SolutionConfigurationPlatforms) = preSolution
		Debug|Any CPU = Debug|Any CPU
		Release|Any CPU = Release|Any CPU
	EndGlobalSection
	GlobalSection(ProjectConfigurationPlatforms) = postSolution
		{01B096AE-7662-498F-A038-5D63DEAD7310}.Debug|Any CPU.ActiveCfg = Debug|Any CPU
		{01B096AE-7662-498F-A038-5D63DEAD7310}.Debug|Any CPU.Build.0 = Debug|Any CPU
		{01B096AE-7662-498F-A038-5D63DEAD7310}.Release|Any CPU.ActiveCfg = Release|Any CPU
		{01B096AE-7662-498F-A038-5D63DEAD7310}.Release|Any CPU.Build.0 = Release|Any CPU
	EndGlobalSection
	GlobalSection(SolutionProperties) = preSolution
		HideSolutionNode = FALSE
	EndGlobalSection
	GlobalSection(ExtensibilityGlobals) = postSolution
		SolutionGuid = {85BEB979-7774-4DA1-A89E-EDA826ECF5A1}
	EndGlobalSection
EndGlobal
