
Microsoft Visual Studio Solution File, Format Version 12.00
# Visual Studio Version 16
VisualStudioVersion = 16.0.31515.178
MinimumVisualStudioVersion = 10.0.40219.1
Project("{FAE04EC0-301F-11D3-BF4B-00C04F79EFBC}") = "Alternating_Positive_Negative_Items_Naive", "Alternating_Positive_Negative_Items_Naive\Alternating_Positive_Negative_Items_Naive.csproj", "{B54C46C6-B901-4154-8F50-0F5B486D0977}"
EndProject
Global
	GlobalSection(SolutionConfigurationPlatforms) = preSolution
		Debug|Any CPU = Debug|Any CPU
		Release|Any CPU = Release|Any CPU
	EndGlobalSection
	GlobalSection(ProjectConfigurationPlatforms) = postSolution
		{B54C46C6-B901-4154-8F50-0F5B486D0977}.Debug|Any CPU.ActiveCfg = Debug|Any CPU
		{B54C46C6-B901-4154-8F50-0F5B486D0977}.Debug|Any CPU.Build.0 = Debug|Any CPU
		{B54C46C6-B901-4154-8F50-0F5B486D0977}.Release|Any CPU.ActiveCfg = Release|Any CPU
		{B54C46C6-B901-4154-8F50-0F5B486D0977}.Release|Any CPU.Build.0 = Release|Any CPU
	EndGlobalSection
	GlobalSection(SolutionProperties) = preSolution
		HideSolutionNode = FALSE
	EndGlobalSection
	GlobalSection(ExtensibilityGlobals) = postSolution
		SolutionGuid = {82BB5E8A-E544-41C0-9F31-F21F04DF0862}
	EndGlobalSection
EndGlobal
