
Microsoft Visual Studio Solution File, Format Version 12.00
# Visual Studio Version 16
VisualStudioVersion = 16.0.31515.178
MinimumVisualStudioVersion = 10.0.40219.1
Project("{FAE04EC0-301F-11D3-BF4B-00C04F79EFBC}") = "Move_All_Negative_Numbers_Pointers", "Move_All_Negative_Numbers_Pointers\Move_All_Negative_Numbers_Pointers.csproj", "{13849991-826D-44CE-B6D0-1B5898EB5F39}"
EndProject
Global
	GlobalSection(SolutionConfigurationPlatforms) = preSolution
		Debug|Any CPU = Debug|Any CPU
		Release|Any CPU = Release|Any CPU
	EndGlobalSection
	GlobalSection(ProjectConfigurationPlatforms) = postSolution
		{13849991-826D-44CE-B6D0-1B5898EB5F39}.Debug|Any CPU.ActiveCfg = Debug|Any CPU
		{13849991-826D-44CE-B6D0-1B5898EB5F39}.Debug|Any CPU.Build.0 = Debug|Any CPU
		{13849991-826D-44CE-B6D0-1B5898EB5F39}.Release|Any CPU.ActiveCfg = Release|Any CPU
		{13849991-826D-44CE-B6D0-1B5898EB5F39}.Release|Any CPU.Build.0 = Release|Any CPU
	EndGlobalSection
	GlobalSection(SolutionProperties) = preSolution
		HideSolutionNode = FALSE
	EndGlobalSection
	GlobalSection(ExtensibilityGlobals) = postSolution
		SolutionGuid = {9ED247C0-D516-4C33-A812-E30189D4D0EA}
	EndGlobalSection
EndGlobal
