
Microsoft Visual Studio Solution File, Format Version 12.00
# Visual Studio Version 16
VisualStudioVersion = 16.0.31515.178
MinimumVisualStudioVersion = 10.0.40219.1
Project("{FAE04EC0-301F-11D3-BF4B-00C04F79EFBC}") = "Best_Time_Buy_Sell_Stock_Complex", "Best_Time_Buy_Sell_Stock_Complex\Best_Time_Buy_Sell_Stock_Complex.csproj", "{085FADDB-AE13-49C4-AE06-00132FA5B404}"
EndProject
Global
	GlobalSection(SolutionConfigurationPlatforms) = preSolution
		Debug|Any CPU = Debug|Any CPU
		Release|Any CPU = Release|Any CPU
	EndGlobalSection
	GlobalSection(ProjectConfigurationPlatforms) = postSolution
		{085FADDB-AE13-49C4-AE06-00132FA5B404}.Debug|Any CPU.ActiveCfg = Debug|Any CPU
		{085FADDB-AE13-49C4-AE06-00132FA5B404}.Debug|Any CPU.Build.0 = Debug|Any CPU
		{085FADDB-AE13-49C4-AE06-00132FA5B404}.Release|Any CPU.ActiveCfg = Release|Any CPU
		{085FADDB-AE13-49C4-AE06-00132FA5B404}.Release|Any CPU.Build.0 = Release|Any CPU
	EndGlobalSection
	GlobalSection(SolutionProperties) = preSolution
		HideSolutionNode = FALSE
	EndGlobalSection
	GlobalSection(ExtensibilityGlobals) = postSolution
		SolutionGuid = {79C97D6D-554A-4895-8FEF-77F46D4099E7}
	EndGlobalSection
EndGlobal
