
Microsoft Visual Studio Solution File, Format Version 12.00
# Visual Studio Version 16
VisualStudioVersion = 16.0.31515.178
MinimumVisualStudioVersion = 10.0.40219.1
Project("{FAE04EC0-301F-11D3-BF4B-00C04F79EFBC}") = "Stock_Buy_Sell_Maximize_Profit_ValleyPeak", "Stock_Buy_Sell_Maximize_Profit_ValleyPeak\Stock_Buy_Sell_Maximize_Profit_ValleyPeak.csproj", "{F3124F0C-9889-4C1B-9686-222B3519B565}"
EndProject
Global
	GlobalSection(SolutionConfigurationPlatforms) = preSolution
		Debug|Any CPU = Debug|Any CPU
		Release|Any CPU = Release|Any CPU
	EndGlobalSection
	GlobalSection(ProjectConfigurationPlatforms) = postSolution
		{F3124F0C-9889-4C1B-9686-222B3519B565}.Debug|Any CPU.ActiveCfg = Debug|Any CPU
		{F3124F0C-9889-4C1B-9686-222B3519B565}.Debug|Any CPU.Build.0 = Debug|Any CPU
		{F3124F0C-9889-4C1B-9686-222B3519B565}.Release|Any CPU.ActiveCfg = Release|Any CPU
		{F3124F0C-9889-4C1B-9686-222B3519B565}.Release|Any CPU.Build.0 = Release|Any CPU
	EndGlobalSection
	GlobalSection(SolutionProperties) = preSolution
		HideSolutionNode = FALSE
	EndGlobalSection
	GlobalSection(ExtensibilityGlobals) = postSolution
		SolutionGuid = {33308D96-4695-4305-B5B4-4D60DB116507}
	EndGlobalSection
EndGlobal
