
Microsoft Visual Studio Solution File, Format Version 12.00
# Visual Studio Version 16
VisualStudioVersion = 16.0.31515.178
MinimumVisualStudioVersion = 10.0.40219.1
Project("{FAE04EC0-301F-11D3-BF4B-00C04F79EFBC}") = "Maximum_Product_Subarray", "Maximum_Product_Subarray\Maximum_Product_Subarray.csproj", "{DB1CA093-C468-4A5F-90A9-A5E0A799021C}"
EndProject
Global
	GlobalSection(SolutionConfigurationPlatforms) = preSolution
		Debug|Any CPU = Debug|Any CPU
		Release|Any CPU = Release|Any CPU
	EndGlobalSection
	GlobalSection(ProjectConfigurationPlatforms) = postSolution
		{DB1CA093-C468-4A5F-90A9-A5E0A799021C}.Debug|Any CPU.ActiveCfg = Debug|Any CPU
		{DB1CA093-C468-4A5F-90A9-A5E0A799021C}.Debug|Any CPU.Build.0 = Debug|Any CPU
		{DB1CA093-C468-4A5F-90A9-A5E0A799021C}.Release|Any CPU.ActiveCfg = Release|Any CPU
		{DB1CA093-C468-4A5F-90A9-A5E0A799021C}.Release|Any CPU.Build.0 = Release|Any CPU
	EndGlobalSection
	GlobalSection(SolutionProperties) = preSolution
		HideSolutionNode = FALSE
	EndGlobalSection
	GlobalSection(ExtensibilityGlobals) = postSolution
		SolutionGuid = {75CC8876-9BE8-4A21-83FE-15DAA5AE472F}
	EndGlobalSection
EndGlobal
