
Microsoft Visual Studio Solution File, Format Version 12.00
# Visual Studio Version 16
VisualStudioVersion = 16.0.31515.178
MinimumVisualStudioVersion = 10.0.40219.1
Project("{FAE04EC0-301F-11D3-BF4B-00C04F79EFBC}") = "Pair_Sum_Sorted_Rotated_Array_Count", "Pair_Sum_Sorted_Rotated_Array_Count\Pair_Sum_Sorted_Rotated_Array_Count.csproj", "{60B2D363-510B-442C-92FB-B603C8AFB624}"
EndProject
Global
	GlobalSection(SolutionConfigurationPlatforms) = preSolution
		Debug|Any CPU = Debug|Any CPU
		Release|Any CPU = Release|Any CPU
	EndGlobalSection
	GlobalSection(ProjectConfigurationPlatforms) = postSolution
		{60B2D363-510B-442C-92FB-B603C8AFB624}.Debug|Any CPU.ActiveCfg = Debug|Any CPU
		{60B2D363-510B-442C-92FB-B603C8AFB624}.Debug|Any CPU.Build.0 = Debug|Any CPU
		{60B2D363-510B-442C-92FB-B603C8AFB624}.Release|Any CPU.ActiveCfg = Release|Any CPU
		{60B2D363-510B-442C-92FB-B603C8AFB624}.Release|Any CPU.Build.0 = Release|Any CPU
	EndGlobalSection
	GlobalSection(SolutionProperties) = preSolution
		HideSolutionNode = FALSE
	EndGlobalSection
	GlobalSection(ExtensibilityGlobals) = postSolution
		SolutionGuid = {5B7CADC8-44EF-427B-A50F-DF1D4FBACFF1}
	EndGlobalSection
EndGlobal
