
Microsoft Visual Studio Solution File, Format Version 12.00
# Visual Studio Version 16
VisualStudioVersion = 16.0.31515.178
MinimumVisualStudioVersion = 10.0.40219.1
Project("{FAE04EC0-301F-11D3-BF4B-00C04F79EFBC}") = "ArrayListRemove", "ArrayListRemove\ArrayListRemove.csproj", "{1E9F2DA2-2DA9-417D-B996-34A463B57BA2}"
EndProject
Global
	GlobalSection(SolutionConfigurationPlatforms) = preSolution
		Debug|Any CPU = Debug|Any CPU
		Release|Any CPU = Release|Any CPU
	EndGlobalSection
	GlobalSection(ProjectConfigurationPlatforms) = postSolution
		{1E9F2DA2-2DA9-417D-B996-34A463B57BA2}.Debug|Any CPU.ActiveCfg = Debug|Any CPU
		{1E9F2DA2-2DA9-417D-B996-34A463B57BA2}.Debug|Any CPU.Build.0 = Debug|Any CPU
		{1E9F2DA2-2DA9-417D-B996-34A463B57BA2}.Release|Any CPU.ActiveCfg = Release|Any CPU
		{1E9F2DA2-2DA9-417D-B996-34A463B57BA2}.Release|Any CPU.Build.0 = Release|Any CPU
	EndGlobalSection
	GlobalSection(SolutionProperties) = preSolution
		HideSolutionNode = FALSE
	EndGlobalSection
	GlobalSection(ExtensibilityGlobals) = postSolution
		SolutionGuid = {83F6C975-49AC-4574-91A0-7F64095E4B6E}
	EndGlobalSection
EndGlobal
