
Microsoft Visual Studio Solution File, Format Version 12.00
# Visual Studio Version 16
VisualStudioVersion = 16.0.31515.178
MinimumVisualStudioVersion = 10.0.40219.1
Project("{FAE04EC0-301F-11D3-BF4B-00C04F79EFBC}") = "Alternating_Positive_Negative_Items", "Alternating_Positive_Negative_Items\Alternating_Positive_Negative_Items.csproj", "{2AAAC6D5-2011-4E54-8A17-17E59D13BD82}"
EndProject
Global
	GlobalSection(SolutionConfigurationPlatforms) = preSolution
		Debug|Any CPU = Debug|Any CPU
		Release|Any CPU = Release|Any CPU
	EndGlobalSection
	GlobalSection(ProjectConfigurationPlatforms) = postSolution
		{2AAAC6D5-2011-4E54-8A17-17E59D13BD82}.Debug|Any CPU.ActiveCfg = Debug|Any CPU
		{2AAAC6D5-2011-4E54-8A17-17E59D13BD82}.Debug|Any CPU.Build.0 = Debug|Any CPU
		{2AAAC6D5-2011-4E54-8A17-17E59D13BD82}.Release|Any CPU.ActiveCfg = Release|Any CPU
		{2AAAC6D5-2011-4E54-8A17-17E59D13BD82}.Release|Any CPU.Build.0 = Release|Any CPU
	EndGlobalSection
	GlobalSection(SolutionProperties) = preSolution
		HideSolutionNode = FALSE
	EndGlobalSection
	GlobalSection(ExtensibilityGlobals) = postSolution
		SolutionGuid = {832D7B3B-12EE-44FA-8966-572DF70FA622}
	EndGlobalSection
EndGlobal
