
Microsoft Visual Studio Solution File, Format Version 12.00
# Visual Studio Version 16
VisualStudioVersion = 16.0.31515.178
MinimumVisualStudioVersion = 10.0.40219.1
Project("{FAE04EC0-301F-11D3-BF4B-00C04F79EFBC}") = "Min_Difference_Heights", "Min_Difference_Heights\Min_Difference_Heights.csproj", "{6934EB92-FDBD-48C3-B6D6-D76F2151BC62}"
EndProject
Global
	GlobalSection(SolutionConfigurationPlatforms) = preSolution
		Debug|Any CPU = Debug|Any CPU
		Release|Any CPU = Release|Any CPU
	EndGlobalSection
	GlobalSection(ProjectConfigurationPlatforms) = postSolution
		{6934EB92-FDBD-48C3-B6D6-D76F2151BC62}.Debug|Any CPU.ActiveCfg = Debug|Any CPU
		{6934EB92-FDBD-48C3-B6D6-D76F2151BC62}.Debug|Any CPU.Build.0 = Debug|Any CPU
		{6934EB92-FDBD-48C3-B6D6-D76F2151BC62}.Release|Any CPU.ActiveCfg = Release|Any CPU
		{6934EB92-FDBD-48C3-B6D6-D76F2151BC62}.Release|Any CPU.Build.0 = Release|Any CPU
	EndGlobalSection
	GlobalSection(SolutionProperties) = preSolution
		HideSolutionNode = FALSE
	EndGlobalSection
	GlobalSection(ExtensibilityGlobals) = postSolution
		SolutionGuid = {BA63D9BF-A06D-4ECA-85C7-BA1A6292AB6B}
	EndGlobalSection
EndGlobal
