
Microsoft Visual Studio Solution File, Format Version 12.00
# Visual Studio Version 16
VisualStudioVersion = 16.0.31515.178
MinimumVisualStudioVersion = 10.0.40219.1
Project("{FAE04EC0-301F-11D3-BF4B-00C04F79EFBC}") = "Count_Inversions_Array_MergeSort", "Count_Inversions_Array_MergeSort\Count_Inversions_Array_MergeSort.csproj", "{14EC639A-9CD8-4D13-8752-767C97B93EDD}"
EndProject
Global
	GlobalSection(SolutionConfigurationPlatforms) = preSolution
		Debug|Any CPU = Debug|Any CPU
		Release|Any CPU = Release|Any CPU
	EndGlobalSection
	GlobalSection(ProjectConfigurationPlatforms) = postSolution
		{14EC639A-9CD8-4D13-8752-767C97B93EDD}.Debug|Any CPU.ActiveCfg = Debug|Any CPU
		{14EC639A-9CD8-4D13-8752-767C97B93EDD}.Debug|Any CPU.Build.0 = Debug|Any CPU
		{14EC639A-9CD8-4D13-8752-767C97B93EDD}.Release|Any CPU.ActiveCfg = Release|Any CPU
		{14EC639A-9CD8-4D13-8752-767C97B93EDD}.Release|Any CPU.Build.0 = Release|Any CPU
	EndGlobalSection
	GlobalSection(SolutionProperties) = preSolution
		HideSolutionNode = FALSE
	EndGlobalSection
	GlobalSection(ExtensibilityGlobals) = postSolution
		SolutionGuid = {81910216-CCA2-4FD1-AA94-ACD4E7D4FF31}
	EndGlobalSection
EndGlobal
