
Microsoft Visual Studio Solution File, Format Version 12.00
# Visual Studio Version 16
VisualStudioVersion = 16.0.31515.178
MinimumVisualStudioVersion = 10.0.40219.1
Project("{FAE04EC0-301F-11D3-BF4B-00C04F79EFBC}") = "Reverse_Array_Loop", "Reverse_Array_Loop\Reverse_Array_Loop.csproj", "{6A7717AA-9A8B-42D1-B069-7F9B939378DB}"
EndProject
Global
	GlobalSection(SolutionConfigurationPlatforms) = preSolution
		Debug|Any CPU = Debug|Any CPU
		Release|Any CPU = Release|Any CPU
	EndGlobalSection
	GlobalSection(ProjectConfigurationPlatforms) = postSolution
		{6A7717AA-9A8B-42D1-B069-7F9B939378DB}.Debug|Any CPU.ActiveCfg = Debug|Any CPU
		{6A7717AA-9A8B-42D1-B069-7F9B939378DB}.Debug|Any CPU.Build.0 = Debug|Any CPU
		{6A7717AA-9A8B-42D1-B069-7F9B939378DB}.Release|Any CPU.ActiveCfg = Release|Any CPU
		{6A7717AA-9A8B-42D1-B069-7F9B939378DB}.Release|Any CPU.Build.0 = Release|Any CPU
	EndGlobalSection
	GlobalSection(SolutionProperties) = preSolution
		HideSolutionNode = FALSE
	EndGlobalSection
	GlobalSection(ExtensibilityGlobals) = postSolution
		SolutionGuid = {661BDBF0-A0DE-40EE-984A-A65E2D7FC304}
	EndGlobalSection
EndGlobal
