
Microsoft Visual Studio Solution File, Format Version 12.00
# Visual Studio Version 16
VisualStudioVersion = 16.0.31515.178
MinimumVisualStudioVersion = 10.0.40219.1
Project("{FAE04EC0-301F-11D3-BF4B-00C04F79EFBC}") = "Count_Pairs_Given_Sum", "Count_Pairs_Given_Sum\Count_Pairs_Given_Sum.csproj", "{CF097A3E-B8D7-4800-BC5F-258B81B14CE3}"
EndProject
Global
	GlobalSection(SolutionConfigurationPlatforms) = preSolution
		Debug|Any CPU = Debug|Any CPU
		Release|Any CPU = Release|Any CPU
	EndGlobalSection
	GlobalSection(ProjectConfigurationPlatforms) = postSolution
		{CF097A3E-B8D7-4800-BC5F-258B81B14CE3}.Debug|Any CPU.ActiveCfg = Debug|Any CPU
		{CF097A3E-B8D7-4800-BC5F-258B81B14CE3}.Debug|Any CPU.Build.0 = Debug|Any CPU
		{CF097A3E-B8D7-4800-BC5F-258B81B14CE3}.Release|Any CPU.ActiveCfg = Release|Any CPU
		{CF097A3E-B8D7-4800-BC5F-258B81B14CE3}.Release|Any CPU.Build.0 = Release|Any CPU
	EndGlobalSection
	GlobalSection(SolutionProperties) = preSolution
		HideSolutionNode = FALSE
	EndGlobalSection
	GlobalSection(ExtensibilityGlobals) = postSolution
		SolutionGuid = {AB35C6D1-A718-4ABF-98CD-CF07557220AD}
	EndGlobalSection
EndGlobal
