
Microsoft Visual Studio Solution File, Format Version 12.00
# Visual Studio Version 16
VisualStudioVersion = 16.0.31515.178
MinimumVisualStudioVersion = 10.0.40219.1
Project("{FAE04EC0-301F-11D3-BF4B-00C04F79EFBC}") = "Stock_Buy_Sell_Maximize_Profit_OneTime", "Stock_Buy_Sell_Maximize_Profit_OneTime\Stock_Buy_Sell_Maximize_Profit_OneTime.csproj", "{A50AC6A7-E018-4F36-A760-DC21793629A3}"
EndProject
Global
	GlobalSection(SolutionConfigurationPlatforms) = preSolution
		Debug|Any CPU = Debug|Any CPU
		Release|Any CPU = Release|Any CPU
	EndGlobalSection
	GlobalSection(ProjectConfigurationPlatforms) = postSolution
		{A50AC6A7-E018-4F36-A760-DC21793629A3}.Debug|Any CPU.ActiveCfg = Debug|Any CPU
		{A50AC6A7-E018-4F36-A760-DC21793629A3}.Debug|Any CPU.Build.0 = Debug|Any CPU
		{A50AC6A7-E018-4F36-A760-DC21793629A3}.Release|Any CPU.ActiveCfg = Release|Any CPU
		{A50AC6A7-E018-4F36-A760-DC21793629A3}.Release|Any CPU.Build.0 = Release|Any CPU
	EndGlobalSection
	GlobalSection(SolutionProperties) = preSolution
		HideSolutionNode = FALSE
	EndGlobalSection
	GlobalSection(ExtensibilityGlobals) = postSolution
		SolutionGuid = {CB8A74BC-F084-475D-BF40-83B73A8D3CF4}
	EndGlobalSection
EndGlobal
